// !$*UTF8*$!
{
	archiveVersion = 1;
	classes = {
	};
	objectVersion = 46;
	objects = {

/* Begin PBXBuildFile section */
		82CAE73C1CC465B000AE06BE /* pause48.png in Resources */ = {isa = PBXBuildFile; fileRef = 82CAE73B1CC465B000AE06BE /* pause48.png */; };
		82CAE73F1CC465BD00AE06BE /* play48.png in Resources */ = {isa = PBXBuildFile; fileRef = 82CAE73D1CC465BD00AE06BE /* play48.png */; };
		82CAE7401CC465BD00AE06BE /* stop48.png in Resources */ = {isa = PBXBuildFile; fileRef = 82CAE73E1CC465BD00AE06BE /* stop48.png */; };
		82CAE7421CC465C400AE06BE /* shuffle48.png in Resources */ = {isa = PBXBuildFile; fileRef = 82CAE7411CC465C400AE06BE /* shuffle48.png */; };
		82CAE7441CC4680600AE06BE /* audio.png in Resources */ = {isa = PBXBuildFile; fileRef = 82CAE7431CC4680600AE06BE /* audio.png */; };
		82CAE7461CC46B2B00AE06BE /* fondo.jpg in Resources */ = {isa = PBXBuildFile; fileRef = 82CAE7451CC46B2B00AE06BE /* fondo.jpg */; };
		CC829A241CB9D58200BF5AA6 /* AppDelegate.swift in Sources */ = {isa = PBXBuildFile; fileRef = CC829A231CB9D58200BF5AA6 /* AppDelegate.swift */; };
		CC829A261CB9D58200BF5AA6 /* ViewController.swift in Sources */ = {isa = PBXBuildFile; fileRef = CC829A251CB9D58200BF5AA6 /* ViewController.swift */; };
		CC829A291CB9D58200BF5AA6 /* Main.storyboard in Resources */ = {isa = PBXBuildFile; fileRef = CC829A271CB9D58200BF5AA6 /* Main.storyboard */; };
		CC829A2B1CB9D58200BF5AA6 /* Assets.xcassets in Resources */ = {isa = PBXBuildFile; fileRef = CC829A2A1CB9D58200BF5AA6 /* Assets.xcassets */; };
		CC829A2E1CB9D58200BF5AA6 /* LaunchScreen.storyboard in Resources */ = {isa = PBXBuildFile; fileRef = CC829A2C1CB9D58200BF5AA6 /* LaunchScreen.storyboard */; };
		CC829A391CB9D58300BF5AA6 /* ReproductorAudioDemoTests.swift in Sources */ = {isa = PBXBuildFile; fileRef = CC829A381CB9D58300BF5AA6 /* ReproductorAudioDemoTests.swift */; };
		CC829A441CB9D58300BF5AA6 /* ReproductorAudioDemoUITests.swift in Sources */ = {isa = PBXBuildFile; fileRef = CC829A431CB9D58300BF5AA6 /* ReproductorAudioDemoUITests.swift */; };
		CC829A601CB9FBAF00BF5AA6 /* c01.jpg in Resources */ = {isa = PBXBuildFile; fileRef = CC829A5B1CB9FBAF00BF5AA6 /* c01.jpg */; };
		CC829A611CB9FBAF00BF5AA6 /* c02.jpg in Resources */ = {isa = PBXBuildFile; fileRef = CC829A5C1CB9FBAF00BF5AA6 /* c02.jpg */; };
		CC829A621CB9FBAF00BF5AA6 /* c03.jpg in Resources */ = {isa = PBXBuildFile; fileRef = CC829A5D1CB9FBAF00BF5AA6 /* c03.jpg */; };
		CC829A631CB9FBAF00BF5AA6 /* c04.jpg in Resources */ = {isa = PBXBuildFile; fileRef = CC829A5E1CB9FBAF00BF5AA6 /* c04.jpg */; };
		CC829A641CB9FBAF00BF5AA6 /* c05.jpg in Resources */ = {isa = PBXBuildFile; fileRef = CC829A5F1CB9FBAF00BF5AA6 /* c05.jpg */; };
		CC829A6A1CB9FBEA00BF5AA6 /* c01.mp3 in Resources */ = {isa = PBXBuildFile; fileRef = CC829A651CB9FBEA00BF5AA6 /* c01.mp3 */; };
		CC829A6B1CB9FBEA00BF5AA6 /* c02.mp3 in Resources */ = {isa = PBXBuildFile; fileRef = CC829A661CB9FBEA00BF5AA6 /* c02.mp3 */; };
		CC829A6C1CB9FBEA00BF5AA6 /* c03.mp3 in Resources */ = {isa = PBXBuildFile; fileRef = CC829A671CB9FBEA00BF5AA6 /* c03.mp3 */; };
		CC829A6D1CB9FBEA00BF5AA6 /* c04.mp3 in Resources */ = {isa = PBXBuildFile; fileRef = CC829A681CB9FBEA00BF5AA6 /* c04.mp3 */; };
		CC829A6E1CB9FBEA00BF5AA6 /* c05.mp3 in Resources */ = {isa = PBXBuildFile; fileRef = CC829A691CB9FBEA00BF5AA6 /* c05.mp3 */; };
		CC829A721CBA07D200BF5AA6 /* pausa.png in Resources */ = {isa = PBXBuildFile; fileRef = CC829A711CBA07D200BF5AA6 /* pausa.png */; };
		CC829A751CBA085600BF5AA6 /* play.png in Resources */ = {isa = PBXBuildFile; fileRef = CC829A731CBA085600BF5AA6 /* play.png */; };
		CC829A761CBA085600BF5AA6 /* stop.png in Resources */ = {isa = PBXBuildFile; fileRef = CC829A741CBA085600BF5AA6 /* stop.png */; };
		CC829A781CBA08D700BF5AA6 /* aleatorio.png in Resources */ = {isa = PBXBuildFile; fileRef = CC829A771CBA08D700BF5AA6 /* aleatorio.png */; };
		CC829A7A1CBA0B9000BF5AA6 /* playAll.png in Resources */ = {isa = PBXBuildFile; fileRef = CC829A791CBA0B9000BF5AA6 /* playAll.png */; };
/* End PBXBuildFile section */

/* Begin PBXContainerItemProxy section */
		CC829A351CB9D58300BF5AA6 /* PBXContainerItemProxy */ = {
			isa = PBXContainerItemProxy;
			containerPortal = CC829A181CB9D58200BF5AA6 /* Project object */;
			proxyType = 1;
			remoteGlobalIDString = CC829A1F1CB9D58200BF5AA6;
			remoteInfo = ReproductorAudioDemo;
		};
		CC829A401CB9D58300BF5AA6 /* PBXContainerItemProxy */ = {
			isa = PBXContainerItemProxy;
			containerPortal = CC829A181CB9D58200BF5AA6 /* Project object */;
			proxyType = 1;
			remoteGlobalIDString = CC829A1F1CB9D58200BF5AA6;
			remoteInfo = ReproductorAudioDemo;
		};
/* End PBXContainerItemProxy section */

/* Begin PBXFileReference section */
		82CAE73B1CC465B000AE06BE /* pause48.png */ = {isa = PBXFileReference; lastKnownFileType = image.png; path = pause48.png; sourceTree = "<group>"; };
		82CAE73D1CC465BD00AE06BE /* play48.png */ = {isa = PBXFileReference; lastKnownFileType = image.png; path = play48.png; sourceTree = "<group>"; };
		82CAE73E1CC465BD00AE06BE /* stop48.png */ = {isa = PBXFileReference; lastKnownFileType = image.png; path = stop48.png; sourceTree = "<group>"; };
		82CAE7411CC465C400AE06BE /* shuffle48.png */ = {isa = PBXFileReference; lastKnownFileType = image.png; path = shuffle48.png; sourceTree = "<group>"; };
		82CAE7431CC4680600AE06BE /* audio.png */ = {isa = PBXFileReference; lastKnownFileType = image.png; path = audio.png; sourceTree = "<group>"; };
		82CAE7451CC46B2B00AE06BE /* fondo.jpg */ = {isa = PBXFileReference; lastKnownFileType = image.jpeg; path = fondo.jpg; sourceTree = "<group>"; };
		CC829A201CB9D58200BF5AA6 /* ReproductorAudioDemo.app */ = {isa = PBXFileReference; explicitFileType = wrapper.application; includeInIndex = 0; path = ReproductorAudioDemo.app; sourceTree = BUILT_PRODUCTS_DIR; };
		CC829A231CB9D58200BF5AA6 /* AppDelegate.swift */ = {isa = PBXFileReference; lastKnownFileType = sourcecode.swift; path = AppDelegate.swift; sourceTree = "<group>"; };
		CC829A251CB9D58200BF5AA6 /* ViewController.swift */ = {isa = PBXFileReference; lastKnownFileType = sourcecode.swift; path = ViewController.swift; sourceTree = "<group>"; };
		CC829A281CB9D58200BF5AA6 /* Base */ = {isa = PBXFileReference; lastKnownFileType = file.storyboard; name = Base; path = Base.lproj/Main.storyboard; sourceTree = "<group>"; };
		CC829A2A1CB9D58200BF5AA6 /* Assets.xcassets */ = {isa = PBXFileReference; lastKnownFileType = folder.assetcatalog; path = Assets.xcassets; sourceTree = "<group>"; };
		CC829A2D1CB9D58200BF5AA6 /* Base */ = {isa = PBXFileReference; lastKnownFileType = file.storyboard; name = Base; path = Base.lproj/LaunchScreen.storyboard; sourceTree = "<group>"; };
		CC829A2F1CB9D58200BF5AA6 /* Info.plist */ = {isa = PBXFileReference; lastKnownFileType = text.plist.xml; path = Info.plist; sourceTree = "<group>"; };
		CC829A341CB9D58300BF5AA6 /* ReproductorAudioDemoTests.xctest */ = {isa = PBXFileReference; explicitFileType = wrapper.cfbundle; includeInIndex = 0; path = ReproductorAudioDemoTests.xctest; sourceTree = BUILT_PRODUCTS_DIR; };
		CC829A381CB9D58300BF5AA6 /* ReproductorAudioDemoTests.swift */ = {isa = PBXFileReference; lastKnownFileType = sourcecode.swift; path = ReproductorAudioDemoTests.swift; sourceTree = "<group>"; };
		CC829A3A1CB9D58300BF5AA6 /* Info.plist */ = {isa = PBXFileReference; lastKnownFileType = text.plist.xml; path = Info.plist; sourceTree = "<group>"; };
		CC829A3F1CB9D58300BF5AA6 /* ReproductorAudioDemoUITests.xctest */ = {isa = PBXFileReference; explicitFileType = wrapper.cfbundle; includeInIndex = 0; path = ReproductorAudioDemoUITests.xctest; sourceTree = BUILT_PRODUCTS_DIR; };
		CC829A431CB9D58300BF5AA6 /* ReproductorAudioDemoUITests.swift */ = {isa = PBXFileReference; lastKnownFileType = sourcecode.swift; path = ReproductorAudioDemoUITests.swift; sourceTree = "<group>"; };
		CC829A451CB9D58300BF5AA6 /* Info.plist */ = {isa = PBXFileReference; lastKnownFileType = text.plist.xml; path = Info.plist; sourceTree = "<group>"; };
		CC829A5B1CB9FBAF00BF5AA6 /* c01.jpg */ = {isa = PBXFileReference; lastKnownFileType = image.jpeg; path = c01.jpg; sourceTree = "<group>"; };
		CC829A5C1CB9FBAF00BF5AA6 /* c02.jpg */ = {isa = PBXFileReference; lastKnownFileType = image.jpeg; path = c02.jpg; sourceTree = "<group>"; };
		CC829A5D1CB9FBAF00BF5AA6 /* c03.jpg */ = {isa = PBXFileReference; lastKnownFileType = image.jpeg; path = c03.jpg; sourceTree = "<group>"; };
		CC829A5E1CB9FBAF00BF5AA6 /* c04.jpg */ = {isa = PBXFileReference; lastKnownFileType = image.jpeg; path = c04.jpg; sourceTree = "<group>"; };
		CC829A5F1CB9FBAF00BF5AA6 /* c05.jpg */ = {isa = PBXFileReference; lastKnownFileType = image.jpeg; path = c05.jpg; sourceTree = "<group>"; };
		CC829A651CB9FBEA00BF5AA6 /* c01.mp3 */ = {isa = PBXFileReference; lastKnownFileType = audio.mp3; path = c01.mp3; sourceTree = "<group>"; };
		CC829A661CB9FBEA00BF5AA6 /* c02.mp3 */ = {isa = PBXFileReference; lastKnownFileType = audio.mp3; path = c02.mp3; sourceTree = "<group>"; };
		CC829A671CB9FBEA00BF5AA6 /* c03.mp3 */ = {isa = PBXFileReference; lastKnownFileType = audio.mp3; path = c03.mp3; sourceTree = "<group>"; };
		CC829A681CB9FBEA00BF5AA6 /* c04.mp3 */ = {isa = PBXFileReference; lastKnownFileType = audio.mp3; path = c04.mp3; sourceTree = "<group>"; };
		CC829A691CB9FBEA00BF5AA6 /* c05.mp3 */ = {isa = PBXFileReference; lastKnownFileType = audio.mp3; path = c05.mp3; sourceTree = "<group>"; };
		CC829A711CBA07D200BF5AA6 /* pausa.png */ = {isa = PBXFileReference; lastKnownFileType = image.png; path = pausa.png; sourceTree = "<group>"; };
		CC829A731CBA085600BF5AA6 /* play.png */ = {isa = PBXFileReference; lastKnownFileType = image.png; path = play.png; sourceTree = "<group>"; };
		CC829A741CBA085600BF5AA6 /* stop.png */ = {isa = PBXFileReference; lastKnownFileType = image.png; path = stop.png; sourceTree = "<group>"; };
		CC829A771CBA08D700BF5AA6 /* aleatorio.png */ = {isa = PBXFileReference; lastKnownFileType = image.png; path = aleatorio.png; sourceTree = "<group>"; };
		CC829A791CBA0B9000BF5AA6 /* playAll.png */ = {isa = PBXFileReference; lastKnownFileType = image.png; path = playAll.png; sourceTree = "<group>"; };
/* End PBXFileReference section */

/* Begin PBXFrameworksBuildPhase section */
		CC829A1D1CB9D58200BF5AA6 /* Frameworks */ = {
			isa = PBXFrameworksBuildPhase;
			buildActionMask = 2147483647;
			files = (
			);
			runOnlyForDeploymentPostprocessing = 0;
		};
		CC829A311CB9D58300BF5AA6 /* Frameworks */ = {
			isa = PBXFrameworksBuildPhase;
			buildActionMask = 2147483647;
			files = (
			);
			runOnlyForDeploymentPostprocessing = 0;
		};
		CC829A3C1CB9D58300BF5AA6 /* Frameworks */ = {
			isa = PBXFrameworksBuildPhase;
			buildActionMask = 2147483647;
			files = (
			);
			runOnlyForDeploymentPostprocessing = 0;
		};
/* End PBXFrameworksBuildPhase section */

/* Begin PBXGroup section */
		CC829A171CB9D58200BF5AA6 = {
			isa = PBXGroup;
			children = (
				CC829A221CB9D58200BF5AA6 /* ReproductorAudioDemo */,
				CC829A371CB9D58300BF5AA6 /* ReproductorAudioDemoTests */,
				CC829A421CB9D58300BF5AA6 /* ReproductorAudioDemoUITests */,
				CC829A211CB9D58200BF5AA6 /* Products */,
			);
			sourceTree = "<group>";
		};
		CC829A211CB9D58200BF5AA6 /* Products */ = {
			isa = PBXGroup;
			children = (
				CC829A201CB9D58200BF5AA6 /* ReproductorAudioDemo.app */,
				CC829A341CB9D58300BF5AA6 /* ReproductorAudioDemoTests.xctest */,
				CC829A3F1CB9D58300BF5AA6 /* ReproductorAudioDemoUITests.xctest */,
			);
			name = Products;
			sourceTree = "<group>";
		};
		CC829A221CB9D58200BF5AA6 /* ReproductorAudioDemo */ = {
			isa = PBXGroup;
			children = (
				CC829A231CB9D58200BF5AA6 /* AppDelegate.swift */,
				CC829A251CB9D58200BF5AA6 /* ViewController.swift */,
				CC829A271CB9D58200BF5AA6 /* Main.storyboard */,
				CC829A2A1CB9D58200BF5AA6 /* Assets.xcassets */,
				CC829A2C1CB9D58200BF5AA6 /* LaunchScreen.storyboard */,
				82CAE7451CC46B2B00AE06BE /* fondo.jpg */,
				CC829A2F1CB9D58200BF5AA6 /* Info.plist */,
				82CAE7431CC4680600AE06BE /* audio.png */,
				CC829A771CBA08D700BF5AA6 /* aleatorio.png */,
				CC829A711CBA07D200BF5AA6 /* pausa.png */,
				CC829A731CBA085600BF5AA6 /* play.png */,
				CC829A791CBA0B9000BF5AA6 /* playAll.png */,
				CC829A741CBA085600BF5AA6 /* stop.png */,
				CC829A651CB9FBEA00BF5AA6 /* c01.mp3 */,
				CC829A661CB9FBEA00BF5AA6 /* c02.mp3 */,
				CC829A671CB9FBEA00BF5AA6 /* c03.mp3 */,
				CC829A681CB9FBEA00BF5AA6 /* c04.mp3 */,
				CC829A691CB9FBEA00BF5AA6 /* c05.mp3 */,
				CC829A5B1CB9FBAF00BF5AA6 /* c01.jpg */,
				CC829A5C1CB9FBAF00BF5AA6 /* c02.jpg */,
				CC829A5D1CB9FBAF00BF5AA6 /* c03.jpg */,
				CC829A5E1CB9FBAF00BF5AA6 /* c04.jpg */,
				CC829A5F1CB9FBAF00BF5AA6 /* c05.jpg */,
				82CAE73D1CC465BD00AE06BE /* play48.png */,
				82CAE7411CC465C400AE06BE /* shuffle48.png */,
				82CAE73E1CC465BD00AE06BE /* stop48.png */,
				82CAE73B1CC465B000AE06BE /* pause48.png */,
			);
			path = ReproductorAudioDemo;
			sourceTree = "<group>";
		};
		CC829A371CB9D58300BF5AA6 /* ReproductorAudioDemoTests */ = {
			isa = PBXGroup;
			children = (
				CC829A381CB9D58300BF5AA6 /* ReproductorAudioDemoTests.swift */,
				CC829A3A1CB9D58300BF5AA6 /* Info.plist */,
			);
			path = ReproductorAudioDemoTests;
			sourceTree = "<group>";
		};
		CC829A421CB9D58300BF5AA6 /* ReproductorAudioDemoUITests */ = {
			isa = PBXGroup;
			children = (
				CC829A431CB9D58300BF5AA6 /* ReproductorAudioDemoUITests.swift */,
				CC829A451CB9D58300BF5AA6 /* Info.plist */,
			);
			path = ReproductorAudioDemoUITests;
			sourceTree = "<group>";
		};
/* End PBXGroup section */

/* Begin PBXNativeTarget section */
		CC829A1F1CB9D58200BF5AA6 /* ReproductorAudioDemo */ = {
			isa = PBXNativeTarget;
			buildConfigurationList = CC829A481CB9D58300BF5AA6 /* Build configuration list for PBXNativeTarget "ReproductorAudioDemo" */;
			buildPhases = (
				CC829A1C1CB9D58200BF5AA6 /* Sources */,
				CC829A1D1CB9D58200BF5AA6 /* Frameworks */,
				CC829A1E1CB9D58200BF5AA6 /* Resources */,
			);
			buildRules = (
			);
			dependencies = (
			);
			name = ReproductorAudioDemo;
			productName = ReproductorAudioDemo;
			productReference = CC829A201CB9D58200BF5AA6 /* ReproductorAudioDemo.app */;
			productType = "com.apple.product-type.application";
		};
		CC829A331CB9D58300BF5AA6 /* ReproductorAudioDemoTests */ = {
			isa = PBXNativeTarget;
			buildConfigurationList = CC829A4B1CB9D58300BF5AA6 /* Build configuration list for PBXNativeTarget "ReproductorAudioDemoTests" */;
			buildPhases = (
				CC829A301CB9D58300BF5AA6 /* Sources */,
				CC829A311CB9D58300BF5AA6 /* Frameworks */,
				CC829A321CB9D58300BF5AA6 /* Resources */,
			);
			buildRules = (
			);
			dependencies = (
				CC829A361CB9D58300BF5AA6 /* PBXTargetDependency */,
			);
			name = ReproductorAudioDemoTests;
			productName = ReproductorAudioDemoTests;
			productReference = CC829A341CB9D58300BF5AA6 /* ReproductorAudioDemoTests.xctest */;
			productType = "com.apple.product-type.bundle.unit-test";
		};
		CC829A3E1CB9D58300BF5AA6 /* ReproductorAudioDemoUITests */ = {
			isa = PBXNativeTarget;
			buildConfigurationList = CC829A4E1CB9D58300BF5AA6 /* Build configuration list for PBXNativeTarget "ReproductorAudioDemoUITests" */;
			buildPhases = (
				CC829A3B1CB9D58300BF5AA6 /* Sources */,
				CC829A3C1CB9D58300BF5AA6 /* Frameworks */,
				CC829A3D1CB9D58300BF5AA6 /* Resources */,
			);
			buildRules = (
			);
			dependencies = (
				CC829A411CB9D58300BF5AA6 /* PBXTargetDependency */,
			);
			name = ReproductorAudioDemoUITests;
			productName = ReproductorAudioDemoUITests;
			productReference = CC829A3F1CB9D58300BF5AA6 /* ReproductorAudioDemoUITests.xctest */;
			productType = "com.apple.product-type.bundle.ui-testing";
		};
/* End PBXNativeTarget section */

/* Begin PBXProject section */
		CC829A181CB9D58200BF5AA6 /* Project object */ = {
			isa = PBXProject;
			attributes = {
				LastSwiftUpdateCheck = 0730;
				LastUpgradeCheck = 0730;
				ORGANIZATIONNAME = "Comisión Federal de Electricidad DCS";
				TargetAttributes = {
					CC829A1F1CB9D58200BF5AA6 = {
						CreatedOnToolsVersion = 7.3;
						DevelopmentTeam = ED39YX7KL8;
					};
					CC829A331CB9D58300BF5AA6 = {
						CreatedOnToolsVersion = 7.3;
						DevelopmentTeam = 3BA96S3QTG;
						TestTargetID = CC829A1F1CB9D58200BF5AA6;
					};
					CC829A3E1CB9D58300BF5AA6 = {
						CreatedOnToolsVersion = 7.3;
						DevelopmentTeam = 3BA96S3QTG;
						TestTargetID = CC829A1F1CB9D58200BF5AA6;
					};
				};
			};
			buildConfigurationList = CC829A1B1CB9D58200BF5AA6 /* Build configuration list for PBXProject "ReproductorAudioDemo" */;
			compatibilityVersion = "Xcode 3.2";
			developmentRegion = English;
			hasScannedForEncodings = 0;
			knownRegions = (
				en,
				Base,
			);
			mainGroup = CC829A171CB9D58200BF5AA6;
			productRefGroup = CC829A211CB9D58200BF5AA6 /* Products */;
			projectDirPath = "";
			projectRoot = "";
			targets = (
				CC829A1F1CB9D58200BF5AA6 /* ReproductorAudioDemo */,
				CC829A331CB9D58300BF5AA6 /* ReproductorAudioDemoTests */,
				CC829A3E1CB9D58300BF5AA6 /* ReproductorAudioDemoUITests */,
			);
		};
/* End PBXProject section */

/* Begin PBXResourcesBuildPhase section */
		CC829A1E1CB9D58200BF5AA6 /* Resources */ = {
			isa = PBXResourcesBuildPhase;
			buildActionMask = 2147483647;
			files = (
				CC829A6D1CB9FBEA00BF5AA6 /* c04.mp3 in Resources */,
				CC829A761CBA085600BF5AA6 /* stop.png in Resources */,
				CC829A6A1CB9FBEA00BF5AA6 /* c01.mp3 in Resources */,
				82CAE7441CC4680600AE06BE /* audio.png in Resources */,
				82CAE7421CC465C400AE06BE /* shuffle48.png in Resources */,
				CC829A6E1CB9FBEA00BF5AA6 /* c05.mp3 in Resources */,
				82CAE7461CC46B2B00AE06BE /* fondo.jpg in Resources */,
				CC829A2E1CB9D58200BF5AA6 /* LaunchScreen.storyboard in Resources */,
				CC829A641CB9FBAF00BF5AA6 /* c05.jpg in Resources */,
				CC829A601CB9FBAF00BF5AA6 /* c01.jpg in Resources */,
				82CAE73C1CC465B000AE06BE /* pause48.png in Resources */,
				CC829A6B1CB9FBEA00BF5AA6 /* c02.mp3 in Resources */,
				CC829A781CBA08D700BF5AA6 /* aleatorio.png in Resources */,
				82CAE7401CC465BD00AE06BE /* stop48.png in Resources */,
				CC829A621CB9FBAF00BF5AA6 /* c03.jpg in Resources */,
				82CAE73F1CC465BD00AE06BE /* play48.png in Resources */,
				CC829A721CBA07D200BF5AA6 /* pausa.png in Resources */,
				CC829A7A1CBA0B9000BF5AA6 /* playAll.png in Resources */,
				CC829A2B1CB9D58200BF5AA6 /* Assets.xcassets in Resources */,
				CC829A631CB9FBAF00BF5AA6 /* c04.jpg in Resources */,
				CC829A751CBA085600BF5AA6 /* play.png in Resources */,
				CC829A6C1CB9FBEA00BF5AA6 /* c03.mp3 in Resources */,
				CC829A291CB9D58200BF5AA6 /* Main.storyboard in Resources */,
				CC829A611CB9FBAF00BF5AA6 /* c02.jpg in Resources */,
			);
			runOnlyForDeploymentPostprocessing = 0;
		};
		CC829A321CB9D58300BF5AA6 /* Resources */ = {
			isa = PBXResourcesBuildPhase;
			buildActionMask = 2147483647;
			files = (
			);
			runOnlyForDeploymentPostprocessing = 0;
		};
		CC829A3D1CB9D58300BF5AA6 /* Resources */ = {
			isa = PBXResourcesBuildPhase;
			buildActionMask = 2147483647;
			files = (
			);
			runOnlyForDeploymentPostprocessing = 0;
		};
/* End PBXResourcesBuildPhase section */

/* Begin PBXSourcesBuildPhase section */
		CC829A1C1CB9D58200BF5AA6 /* Sources */ = {
			isa = PBXSourcesBuildPhase;
			buildActionMask = 2147483647;
			files = (
				CC829A261CB9D58200BF5AA6 /* ViewController.swift in Sources */,
				CC829A241CB9D58200BF5AA6 /* AppDelegate.swift in Sources */,
			);
			runOnlyForDeploymentPostprocessing = 0;
		};
		CC829A301CB9D58300BF5AA6 /* Sources */ = {
			isa = PBXSourcesBuildPhase;
			buildActionMask = 2147483647;
			files = (
				CC829A391CB9D58300BF5AA6 /* ReproductorAudioDemoTests.swift in Sources */,
			);
			runOnlyForDeploymentPostprocessing = 0;
		};
		CC829A3B1CB9D58300BF5AA6 /* Sources */ = {
			isa = PBXSourcesBuildPhase;
			buildActionMask = 2147483647;
			files = (
				CC829A441CB9D58300BF5AA6 /* ReproductorAudioDemoUITests.swift in Sources */,
			);
			runOnlyForDeploymentPostprocessing = 0;
		};
/* End PBXSourcesBuildPhase section */

/* Begin PBXTargetDependency section */
		CC829A361CB9D58300BF5AA6 /* PBXTargetDependency */ = {
			isa = PBXTargetDependency;
			target = CC829A1F1CB9D58200BF5AA6 /* ReproductorAudioDemo */;
			targetProxy = CC829A351CB9D58300BF5AA6 /* PBXContainerItemProxy */;
		};
		CC829A411CB9D58300BF5AA6 /* PBXTargetDependency */ = {
			isa = PBXTargetDependency;
			target = CC829A1F1CB9D58200BF5AA6 /* ReproductorAudioDemo */;
			targetProxy = CC829A401CB9D58300BF5AA6 /* PBXContainerItemProxy */;
		};
/* End PBXTargetDependency section */

/* Begin PBXVariantGroup section */
		CC829A271CB9D58200BF5AA6 /* Main.storyboard */ = {
			isa = PBXVariantGroup;
			children = (
				CC829A281CB9D58200BF5AA6 /* Base */,
			);
			name = Main.storyboard;
			sourceTree = "<group>";
		};
		CC829A2C1CB9D58200BF5AA6 /* LaunchScreen.storyboard */ = {
			isa = PBXVariantGroup;
			children = (
				CC829A2D1CB9D58200BF5AA6 /* Base */,
			);
			name = LaunchScreen.storyboard;
			sourceTree = "<group>";
		};
/* End PBXVariantGroup section */

/* Begin XCBuildConfiguration section */
		CC829A461CB9D58300BF5AA6 /* Debug */ = {
			isa = XCBuildConfiguration;
			buildSettings = {
				ALWAYS_SEARCH_USER_PATHS = NO;
				CLANG_ANALYZER_NONNULL = YES;
				CLANG_CXX_LANGUAGE_STANDARD = "gnu++0x";
				CLANG_CXX_LIBRARY = "libc++";
				CLANG_ENABLE_MODULES = YES;
				CLANG_ENABLE_OBJC_ARC = YES;
				CLANG_WARN_BOOL_CONVERSION = YES;
				CLANG_WARN_CONSTANT_CONVERSION = YES;
				CLANG_WARN_DIRECT_OBJC_ISA_USAGE = YES_ERROR;
				CLANG_WARN_EMPTY_BODY = YES;
				CLANG_WARN_ENUM_CONVERSION = YES;
				CLANG_WARN_INT_CONVERSION = YES;
				CLANG_WARN_OBJC_ROOT_CLASS = YES_ERROR;
				CLANG_WARN_UNREACHABLE_CODE = YES;
				CLANG_WARN__DUPLICATE_METHOD_MATCH = YES;
				"CODE_SIGN_IDENTITY[sdk=iphoneos*]" = "iPhone Developer";
				COPY_PHASE_STRIP = NO;
				DEBUG_INFORMATION_FORMAT = dwarf;
				ENABLE_STRICT_OBJC_MSGSEND = YES;
				ENABLE_TESTABILITY = YES;
				GCC_C_LANGUAGE_STANDARD = gnu99;
				GCC_DYNAMIC_NO_PIC = NO;
				GCC_NO_COMMON_BLOCKS = YES;
				GCC_OPTIMIZATION_LEVEL = 0;
				GCC_PREPROCESSOR_DEFINITIONS = (
					"DEBUG=1",
					"$(inherited)",
				);
				GCC_WARN_64_TO_32_BIT_CONVERSION = YES;
				GCC_WARN_ABOUT_RETURN_TYPE = YES_ERROR;
				GCC_WARN_UNDECLARED_SELECTOR = YES;
				GCC_WARN_UNINITIALIZED_AUTOS = YES_AGGRESSIVE;
				GCC_WARN_UNUSED_FUNCTION = YES;
				GCC_WARN_UNUSED_VARIABLE = YES;
				IPHONEOS_DEPLOYMENT_TARGET = 9.3;
				MTL_ENABLE_DEBUG_INFO = YES;
				ONLY_ACTIVE_ARCH = YES;
				SDKROOT = iphoneos;
				SWIFT_OPTIMIZATION_LEVEL = "-Onone";
				TARGETED_DEVICE_FAMILY = "1,2";
			};
			name = Debug;
		};
		CC829A471CB9D58300BF5AA6 /* Release */ = {
			isa = XCBuildConfiguration;
			buildSettings = {
				ALWAYS_SEARCH_USER_PATHS = NO;
				CLANG_ANALYZER_NONNULL = YES;
				CLANG_CXX_LANGUAGE_STANDARD = "gnu++0x";
				CLANG_CXX_LIBRARY = "libc++";
				CLANG_ENABLE_MODULES = YES;
				CLANG_ENABLE_OBJC_ARC = YES;
				CLANG_WARN_BOOL_CONVERSION = YES;
				CLANG_WARN_CONSTANT_CONVERSION = YES;
				CLANG_WARN_DIRECT_OBJC_ISA_USAGE = YES_ERROR;
				CLANG_WARN_EMPTY_BODY = YES;
				CLANG_WARN_ENUM_CONVERSION = YES;
				CLANG_WARN_INT_CONVERSION = YES;
				CLANG_WARN_OBJC_ROOT_CLASS = YES_ERROR;
				CLANG_WARN_UNREACHABLE_CODE = YES;
				CLANG_WARN__DUPLICATE_METHOD_MATCH = YES;
				"CODE_SIGN_IDENTITY[sdk=iphoneos*]" = "iPhone Developer";
				COPY_PHASE_STRIP = NO;
				DEBUG_INFORMATION_FORMAT = "dwarf-with-dsym";
				ENABLE_NS_ASSERTIONS = NO;
				ENABLE_STRICT_OBJC_MSGSEND = YES;
				GCC_C_LANGUAGE_STANDARD = gnu99;
				GCC_NO_COMMON_BLOCKS = YES;
				GCC_WARN_64_TO_32_BIT_CONVERSION = YES;
				GCC_WARN_ABOUT_RETURN_TYPE = YES_ERROR;
				GCC_WARN_UNDECLARED_SELECTOR = YES;
				GCC_WARN_UNINITIALIZED_AUTOS = YES_AGGRESSIVE;
				GCC_WARN_UNUSED_FUNCTION = YES;
				GCC_WARN_UNUSED_VARIABLE = YES;
				IPHONEOS_DEPLOYMENT_TARGET = 9.3;
				MTL_ENABLE_DEBUG_INFO = NO;
				SDKROOT = iphoneos;
				TARGETED_DEVICE_FAMILY = "1,2";
				VALIDATE_PRODUCT = YES;
			};
			name = Release;
		};
		CC829A491CB9D58300BF5AA6 /* Debug */ = {
			isa = XCBuildConfiguration;
			buildSettings = {
				ASSETCATALOG_COMPILER_APPICON_NAME = AppIcon;
				CODE_SIGN_IDENTITY = "iPhone Developer";
				INFOPLIST_FILE = ReproductorAudioDemo/Info.plist;
				LD_RUNPATH_SEARCH_PATHS = "$(inherited) @executable_path/Frameworks";
				PRODUCT_BUNDLE_IDENTIFIER = net.morasoft.ReproductorAudio;
				PRODUCT_NAME = "$(TARGET_NAME)";
			};
			name = Debug;
		};
		CC829A4A1CB9D58300BF5AA6 /* Release */ = {
			isa = XCBuildConfiguration;
			buildSettings = {
				ASSETCATALOG_COMPILER_APPICON_NAME = AppIcon;
				CODE_SIGN_IDENTITY = "iPhone Developer";
				INFOPLIST_FILE = ReproductorAudioDemo/Info.plist;
				LD_RUNPATH_SEARCH_PATHS = "$(inherited) @executable_path/Frameworks";
				PRODUCT_BUNDLE_IDENTIFIER = net.morasoft.ReproductorAudio;
				PRODUCT_NAME = "$(TARGET_NAME)";
			};
			name = Release;
		};
		CC829A4C1CB9D58300BF5AA6 /* Debug */ = {
			isa = XCBuildConfiguration;
			buildSettings = {
				BUNDLE_LOADER = "$(TEST_HOST)";
				INFOPLIST_FILE = ReproductorAudioDemoTests/Info.plist;
				LD_RUNPATH_SEARCH_PATHS = "$(inherited) @executable_path/Frameworks @loader_path/Frameworks";
				PRODUCT_BUNDLE_IDENTIFIER = gob.cfe.ReproductorAudioDemoTests;
				PRODUCT_NAME = "$(TARGET_NAME)";
				TEST_HOST = "$(BUILT_PRODUCTS_DIR)/ReproductorAudioDemo.app/ReproductorAudioDemo";
			};
			name = Debug;
		};
		CC829A4D1CB9D58300BF5AA6 /* Release */ = {
			isa = XCBuildConfiguration;
			buildSettings = {
				BUNDLE_LOADER = "$(TEST_HOST)";
				INFOPLIST_FILE = ReproductorAudioDemoTests/Info.plist;
				LD_RUNPATH_SEARCH_PATHS = "$(inherited) @executable_path/Frameworks @loader_path/Frameworks";
				PRODUCT_BUNDLE_IDENTIFIER = gob.cfe.ReproductorAudioDemoTests;
				PRODUCT_NAME = "$(TARGET_NAME)";
				TEST_HOST = "$(BUILT_PRODUCTS_DIR)/ReproductorAudioDemo.app/ReproductorAudioDemo";
			};
			name = Release;
		};
		CC829A4F1CB9D58300BF5AA6 /* Debug */ = {
			isa = XCBuildConfiguration;
			buildSettings = {
				INFOPLIST_FILE = ReproductorAudioDemoUITests/Info.plist;
				LD_RUNPATH_SEARCH_PATHS = "$(inherited) @executable_path/Frameworks @loader_path/Frameworks";
				PRODUCT_BUNDLE_IDENTIFIER = gob.cfe.ReproductorAudioDemoUITests;
				PRODUCT_NAME = "$(TARGET_NAME)";
				TEST_TARGET_NAME = ReproductorAudioDemo;
			};
			name = Debug;
		};
		CC829A501CB9D58300BF5AA6 /* Release */ = {
			isa = XCBuildConfiguration;
			buildSettings = {
				INFOPLIST_FILE = ReproductorAudioDemoUITests/Info.plist;
				LD_RUNPATH_SEARCH_PATHS = "$(inherited) @executable_path/Frameworks @loader_path/Frameworks";
				PRODUCT_BUNDLE_IDENTIFIER = gob.cfe.ReproductorAudioDemoUITests;
				PRODUCT_NAME = "$(TARGET_NAME)";
				TEST_TARGET_NAME = ReproductorAudioDemo;
			};
			name = Release;
		};
/* End XCBuildConfiguration section */

/* Begin XCConfigurationList section */
		CC829A1B1CB9D58200BF5AA6 /* Build configuration list for PBXProject "ReproductorAudioDemo" */ = {
			isa = XCConfigurationList;
			buildConfigurations = (
				CC829A461CB9D58300BF5AA6 /* Debug */,
				CC829A471CB9D58300BF5AA6 /* Release */,
			);
			defaultConfigurationIsVisible = 0;
			defaultConfigurationName = Release;
		};
		CC829A481CB9D58300BF5AA6 /* Build configuration list for PBXNativeTarget "ReproductorAudioDemo" */ = {
			isa = XCConfigurationList;
			buildConfigurations = (
				CC829A491CB9D58300BF5AA6 /* Debug */,
				CC829A4A1CB9D58300BF5AA6 /* Release */,
			);
			defaultConfigurationIsVisible = 0;
			defaultConfigurationName = Release;
		};
		CC829A4B1CB9D58300BF5AA6 /* Build configuration list for PBXNativeTarget "ReproductorAudioDemoTests" */ = {
			isa = XCConfigurationList;
			buildConfigurations = (
				CC829A4C1CB9D58300BF5AA6 /* Debug */,
				CC829A4D1CB9D58300BF5AA6 /* Release */,
			);
			defaultConfigurationIsVisible = 0;
			defaultConfigurationName = Release;
		};
		CC829A4E1CB9D58300BF5AA6 /* Build configuration list for PBXNativeTarget "ReproductorAudioDemoUITests" */ = {
			isa = XCConfigurationList;
			buildConfigurations = (
				CC829A4F1CB9D58300BF5AA6 /* Debug */,
				CC829A501CB9D58300BF5AA6 /* Release */,
			);
			defaultConfigurationIsVisible = 0;
			defaultConfigurationName = Release;
		};
/* End XCConfigurationList section */
	};
	rootObject = CC829A181CB9D58200BF5AA6 /* Project object */;
}
